dependencies:
- name: activiti-cloud-identity
  repository: https://activiti.github.io/activiti-cloud-helm-charts/
  version: 0.0.11
- name: activiti-keycloak
  repository: https://activiti.github.io/activiti-cloud-helm-charts/
  version: 0.0.34
- name: activiti-cloud-gateway
  repository: https://activiti.github.io/activiti-cloud-helm-charts/
  version: 7.1.19
- name: activiti-cloud-query
  repository: https://activiti.github.io/activiti-cloud-helm-charts/
  version: 7.1.319
- name: activiti-cloud-audit
  repository: https://activiti.github.io/activiti-cloud-helm-charts/
  version: 7.1.311
- name: activiti-cloud-messages
  repository: https://activiti.github.io/activiti-cloud-helm-charts/
  version: 7.1.34
- name: rabbitmq-ha
  repository: https://kubernetes-charts.storage.googleapis.com
  version: 1.38.1
- name: postgresql
  repository: https://kubernetes-charts.storage.googleapis.com
  version: 3.11.3
- name: runtime-bundle
  repository: https://activiti.github.io/activiti-cloud-helm-charts/
  version: 7.1.374
- name: activiti-cloud-connector
  repository: https://activiti.github.io/activiti-cloud-helm-charts/
  version: 7.1.326
- name: activiti-cloud-notifications-graphql
  repository: https://activiti.github.io/activiti-cloud-helm-charts/
  version: 7.1.344
- name: activiti-cloud-modeling
  repository: https://activiti.github.io/activiti-cloud-helm-charts/
  version: 7.1.669
digest: sha256:3a0fd605c183f5dce343b5a5fcf96dd81cdb80571732ab9c087d1c96c52925c2
generated: 2020-02-07T18:15:07.33453+02:00
